
Microsoft Visual Studio Solution File, Format Version 12.00
# Visual Studio Version 16
VisualStudioVersion = 16.0.29123.88
MinimumVisualStudioVersion = 10.0.40219.1
Project("{9A19103F-16F7-4668-BE54-9A1E7A4F7556}") = "CSharpAvaloniaBeispiel", "CSharpAvaloniaBeispiel\CSharpAvaloniaBeispiel.csproj", "{AB5F4F62-8E76-47D7-89EB-4513BB3B5FFB}"
EndProject
Project("{FAE04EC0-301F-11D3-BF4B-00C04F79EFBC}") = "CSharpOgenGLBeispiel", "CSharpOgenGLBeispiel\CSharpOgenGLBeispiel.csproj", "{C381A1CC-407F-4471-B5DE-CF3B3002FBDC}"
EndProject
Project("{FAE04EC0-301F-11D3-BF4B-00C04F79EFBC}") = "CSharpOpenGLBeispielExtended", "CSharpOpenGLBeispielExtended\CSharpOpenGLBeispielExtended.csproj", "{41F878F2-EC76-49EC-9C4F-AFAB3445911D}"
EndProject
Project("{9A19103F-16F7-4668-BE54-9A1E7A4F7556}") = "MySQLConnect", "MySQLConnect\MySQLConnect.csproj", "{B1345A3C-D661-406A-85EA-B93A7817692B}"
EndProject
Project("{9A19103F-16F7-4668-BE54-9A1E7A4F7556}") = "PostgreSQLConnect", "PostgreSQLConnect\PostgreSQLConnect.csproj", "{ACD9BB71-204A-49B6-8B08-464068E787E9}"
EndProject
Project("{9A19103F-16F7-4668-BE54-9A1E7A4F7556}") = "RaspberryPiGPIO", "RaspberryPiGPIO\RaspberryPiGPIO.csproj", "{16005150-80EC-4124-BDAA-7CA47CD86217}"
EndProject
Project("{9A19103F-16F7-4668-BE54-9A1E7A4F7556}") = "RacingManagerWindowsApp", "RacingManagerWindowsApp\RacingManagerWindowsApp.csproj", "{D6A2EB58-ECA7-46A0-B353-82CA15545DCF}"
EndProject
Project("{E53339B2-1760-4266-BCC7-CA923CBCF16C}") = "docker-compose", "docker-compose.dcproj", "{A8B1A691-4F00-47B0-BBD3-94218B3D897F}"
EndProject
Project("{C7167F0D-BC9F-4E6E-AFE1-012C56B48DB5}") = "RacingManagerWindowsAppSetup", "..\RacingManagerWindowsAppSetup\RacingManagerWindowsAppSetup.wapproj", "{CBB92D7E-2558-4CFC-A7D3-AF8407979B52}"
EndProject
Global
	GlobalSection(SolutionConfigurationPlatforms) = preSolution
		Debug|Any CPU = Debug|Any CPU
		Debug|ARM = Debug|ARM
		Debug|ARM64 = Debug|ARM64
		Debug|x64 = Debug|x64
		Debug|x86 = Debug|x86
		Release|Any CPU = Release|Any CPU
		Release|ARM = Release|ARM
		Release|ARM64 = Release|ARM64
		Release|x64 = Release|x64
		Release|x86 = Release|x86
	EndGlobalSection
	GlobalSection(ProjectConfigurationPlatforms) = postSolution
		{AB5F4F62-8E76-47D7-89EB-4513BB3B5FFB}.Debug|Any CPU.ActiveCfg = Debug|Any CPU
		{AB5F4F62-8E76-47D7-89EB-4513BB3B5FFB}.Debug|Any CPU.Build.0 = Debug|Any CPU
		{AB5F4F62-8E76-47D7-89EB-4513BB3B5FFB}.Debug|ARM.ActiveCfg = Debug|Any CPU
		{AB5F4F62-8E76-47D7-89EB-4513BB3B5FFB}.Debug|ARM.Build.0 = Debug|Any CPU
		{AB5F4F62-8E76-47D7-89EB-4513BB3B5FFB}.Debug|ARM64.ActiveCfg = Debug|Any CPU
		{AB5F4F62-8E76-47D7-89EB-4513BB3B5FFB}.Debug|ARM64.Build.0 = Debug|Any CPU
		{AB5F4F62-8E76-47D7-89EB-4513BB3B5FFB}.Debug|x64.ActiveCfg = Debug|Any CPU
		{AB5F4F62-8E76-47D7-89EB-4513BB3B5FFB}.Debug|x64.Build.0 = Debug|Any CPU
		{AB5F4F62-8E76-47D7-89EB-4513BB3B5FFB}.Debug|x86.ActiveCfg = Debug|Any CPU
		{AB5F4F62-8E76-47D7-89EB-4513BB3B5FFB}.Debug|x86.Build.0 = Debug|Any CPU
		{AB5F4F62-8E76-47D7-89EB-4513BB3B5FFB}.Release|Any CPU.ActiveCfg = Release|Any CPU
		{AB5F4F62-8E76-47D7-89EB-4513BB3B5FFB}.Release|Any CPU.Build.0 = Release|Any CPU
		{AB5F4F62-8E76-47D7-89EB-4513BB3B5FFB}.Release|ARM.ActiveCfg = Release|Any CPU
		{AB5F4F62-8E76-47D7-89EB-4513BB3B5FFB}.Release|ARM.Build.0 = Release|Any CPU
		{AB5F4F62-8E76-47D7-89EB-4513BB3B5FFB}.Release|ARM64.ActiveCfg = Release|Any CPU
		{AB5F4F62-8E76-47D7-89EB-4513BB3B5FFB}.Release|ARM64.Build.0 = Release|Any CPU
		{AB5F4F62-8E76-47D7-89EB-4513BB3B5FFB}.Release|x64.ActiveCfg = Release|Any CPU
		{AB5F4F62-8E76-47D7-89EB-4513BB3B5FFB}.Release|x64.Build.0 = Release|Any CPU
		{AB5F4F62-8E76-47D7-89EB-4513BB3B5FFB}.Release|x86.ActiveCfg = Release|Any CPU
		{AB5F4F62-8E76-47D7-89EB-4513BB3B5FFB}.Release|x86.Build.0 = Release|Any CPU
		{C381A1CC-407F-4471-B5DE-CF3B3002FBDC}.Debug|Any CPU.ActiveCfg = Debug|Any CPU
		{C381A1CC-407F-4471-B5DE-CF3B3002FBDC}.Debug|Any CPU.Build.0 = Debug|Any CPU
		{C381A1CC-407F-4471-B5DE-CF3B3002FBDC}.Debug|ARM.ActiveCfg = Debug|Any CPU
		{C381A1CC-407F-4471-B5DE-CF3B3002FBDC}.Debug|ARM.Build.0 = Debug|Any CPU
		{C381A1CC-407F-4471-B5DE-CF3B3002FBDC}.Debug|ARM64.ActiveCfg = Debug|Any CPU
		{C381A1CC-407F-4471-B5DE-CF3B3002FBDC}.Debug|ARM64.Build.0 = Debug|Any CPU
		{C381A1CC-407F-4471-B5DE-CF3B3002FBDC}.Debug|x64.ActiveCfg = Debug|Any CPU
		{C381A1CC-407F-4471-B5DE-CF3B3002FBDC}.Debug|x64.Build.0 = Debug|Any CPU
		{C381A1CC-407F-4471-B5DE-CF3B3002FBDC}.Debug|x86.ActiveCfg = Debug|Any CPU
		{C381A1CC-407F-4471-B5DE-CF3B3002FBDC}.Debug|x86.Build.0 = Debug|Any CPU
		{C381A1CC-407F-4471-B5DE-CF3B3002FBDC}.Release|Any CPU.ActiveCfg = Release|Any CPU
		{C381A1CC-407F-4471-B5DE-CF3B3002FBDC}.Release|Any CPU.Build.0 = Release|Any CPU
		{C381A1CC-407F-4471-B5DE-CF3B3002FBDC}.Release|ARM.ActiveCfg = Release|Any CPU
		{C381A1CC-407F-4471-B5DE-CF3B3002FBDC}.Release|ARM.Build.0 = Release|Any CPU
		{C381A1CC-407F-4471-B5DE-CF3B3002FBDC}.Release|ARM64.ActiveCfg = Release|Any CPU
		{C381A1CC-407F-4471-B5DE-CF3B3002FBDC}.Release|ARM64.Build.0 = Release|Any CPU
		{C381A1CC-407F-4471-B5DE-CF3B3002FBDC}.Release|x64.ActiveCfg = Release|Any CPU
		{C381A1CC-407F-4471-B5DE-CF3B3002FBDC}.Release|x64.Build.0 = Release|Any CPU
		{C381A1CC-407F-4471-B5DE-CF3B3002FBDC}.Release|x86.ActiveCfg = Release|Any CPU
		{C381A1CC-407F-4471-B5DE-CF3B3002FBDC}.Release|x86.Build.0 = Release|Any CPU
		{41F878F2-EC76-49EC-9C4F-AFAB3445911D}.Debug|Any CPU.ActiveCfg = Debug|Any CPU
		{41F878F2-EC76-49EC-9C4F-AFAB3445911D}.Debug|Any CPU.Build.0 = Debug|Any CPU
		{41F878F2-EC76-49EC-9C4F-AFAB3445911D}.Debug|ARM.ActiveCfg = Debug|Any CPU
		{41F878F2-EC76-49EC-9C4F-AFAB3445911D}.Debug|ARM.Build.0 = Debug|Any CPU
		{41F878F2-EC76-49EC-9C4F-AFAB3445911D}.Debug|ARM64.ActiveCfg = Debug|Any CPU
		{41F878F2-EC76-49EC-9C4F-AFAB3445911D}.Debug|ARM64.Build.0 = Debug|Any CPU
		{41F878F2-EC76-49EC-9C4F-AFAB3445911D}.Debug|x64.ActiveCfg = Debug|Any CPU
		{41F878F2-EC76-49EC-9C4F-AFAB3445911D}.Debug|x64.Build.0 = Debug|Any CPU
		{41F878F2-EC76-49EC-9C4F-AFAB3445911D}.Debug|x86.ActiveCfg = Debug|Any CPU
		{41F878F2-EC76-49EC-9C4F-AFAB3445911D}.Debug|x86.Build.0 = Debug|Any CPU
		{41F878F2-EC76-49EC-9C4F-AFAB3445911D}.Release|Any CPU.ActiveCfg = Release|Any CPU
		{41F878F2-EC76-49EC-9C4F-AFAB3445911D}.Release|Any CPU.Build.0 = Release|Any CPU
		{41F878F2-EC76-49EC-9C4F-AFAB3445911D}.Release|ARM.ActiveCfg = Release|Any CPU
		{41F878F2-EC76-49EC-9C4F-AFAB3445911D}.Release|ARM.Build.0 = Release|Any CPU
		{41F878F2-EC76-49EC-9C4F-AFAB3445911D}.Release|ARM64.ActiveCfg = Release|Any CPU
		{41F878F2-EC76-49EC-9C4F-AFAB3445911D}.Release|ARM64.Build.0 = Release|Any CPU
		{41F878F2-EC76-49EC-9C4F-AFAB3445911D}.Release|x64.ActiveCfg = Release|Any CPU
		{41F878F2-EC76-49EC-9C4F-AFAB3445911D}.Release|x64.Build.0 = Release|Any CPU
		{41F878F2-EC76-49EC-9C4F-AFAB3445911D}.Release|x86.ActiveCfg = Release|Any CPU
		{41F878F2-EC76-49EC-9C4F-AFAB3445911D}.Release|x86.Build.0 = Release|Any CPU
		{B1345A3C-D661-406A-85EA-B93A7817692B}.Debug|Any CPU.ActiveCfg = Debug|Any CPU
		{B1345A3C-D661-406A-85EA-B93A7817692B}.Debug|Any CPU.Build.0 = Debug|Any CPU
		{B1345A3C-D661-406A-85EA-B93A7817692B}.Debug|ARM.ActiveCfg = Debug|Any CPU
		{B1345A3C-D661-406A-85EA-B93A7817692B}.Debug|ARM.Build.0 = Debug|Any CPU
		{B1345A3C-D661-406A-85EA-B93A7817692B}.Debug|ARM64.ActiveCfg = Debug|Any CPU
		{B1345A3C-D661-406A-85EA-B93A7817692B}.Debug|ARM64.Build.0 = Debug|Any CPU
		{B1345A3C-D661-406A-85EA-B93A7817692B}.Debug|x64.ActiveCfg = Debug|Any CPU
		{B1345A3C-D661-406A-85EA-B93A7817692B}.Debug|x64.Build.0 = Debug|Any CPU
		{B1345A3C-D661-406A-85EA-B93A7817692B}.Debug|x86.ActiveCfg = Debug|Any CPU
		{B1345A3C-D661-406A-85EA-B93A7817692B}.Debug|x86.Build.0 = Debug|Any CPU
		{B1345A3C-D661-406A-85EA-B93A7817692B}.Release|Any CPU.ActiveCfg = Release|Any CPU
		{B1345A3C-D661-406A-85EA-B93A7817692B}.Release|Any CPU.Build.0 = Release|Any CPU
		{B1345A3C-D661-406A-85EA-B93A7817692B}.Release|ARM.ActiveCfg = Release|Any CPU
		{B1345A3C-D661-406A-85EA-B93A7817692B}.Release|ARM.Build.0 = Release|Any CPU
		{B1345A3C-D661-406A-85EA-B93A7817692B}.Release|ARM64.ActiveCfg = Release|Any CPU
		{B1345A3C-D661-406A-85EA-B93A7817692B}.Release|ARM64.Build.0 = Release|Any CPU
		{B1345A3C-D661-406A-85EA-B93A7817692B}.Release|x64.ActiveCfg = Release|Any CPU
		{B1345A3C-D661-406A-85EA-B93A7817692B}.Release|x64.Build.0 = Release|Any CPU
		{B1345A3C-D661-406A-85EA-B93A7817692B}.Release|x86.ActiveCfg = Release|Any CPU
		{B1345A3C-D661-406A-85EA-B93A7817692B}.Release|x86.Build.0 = Release|Any CPU
		{ACD9BB71-204A-49B6-8B08-464068E787E9}.Debug|Any CPU.ActiveCfg = Debug|Any CPU
		{ACD9BB71-204A-49B6-8B08-464068E787E9}.Debug|Any CPU.Build.0 = Debug|Any CPU
		{ACD9BB71-204A-49B6-8B08-464068E787E9}.Debug|ARM.ActiveCfg = Debug|Any CPU
		{ACD9BB71-204A-49B6-8B08-464068E787E9}.Debug|ARM.Build.0 = Debug|Any CPU
		{ACD9BB71-204A-49B6-8B08-464068E787E9}.Debug|ARM64.ActiveCfg = Debug|Any CPU
		{ACD9BB71-204A-49B6-8B08-464068E787E9}.Debug|ARM64.Build.0 = Debug|Any CPU
		{ACD9BB71-204A-49B6-8B08-464068E787E9}.Debug|x64.ActiveCfg = Debug|Any CPU
		{ACD9BB71-204A-49B6-8B08-464068E787E9}.Debug|x64.Build.0 = Debug|Any CPU
		{ACD9BB71-204A-49B6-8B08-464068E787E9}.Debug|x86.ActiveCfg = Debug|Any CPU
		{ACD9BB71-204A-49B6-8B08-464068E787E9}.Debug|x86.Build.0 = Debug|Any CPU
		{ACD9BB71-204A-49B6-8B08-464068E787E9}.Release|Any CPU.ActiveCfg = Release|Any CPU
		{ACD9BB71-204A-49B6-8B08-464068E787E9}.Release|Any CPU.Build.0 = Release|Any CPU
		{ACD9BB71-204A-49B6-8B08-464068E787E9}.Release|ARM.ActiveCfg = Release|Any CPU
		{ACD9BB71-204A-49B6-8B08-464068E787E9}.Release|ARM.Build.0 = Release|Any CPU
		{ACD9BB71-204A-49B6-8B08-464068E787E9}.Release|ARM64.ActiveCfg = Release|Any CPU
		{ACD9BB71-204A-49B6-8B08-464068E787E9}.Release|ARM64.Build.0 = Release|Any CPU
		{ACD9BB71-204A-49B6-8B08-464068E787E9}.Release|x64.ActiveCfg = Release|Any CPU
		{ACD9BB71-204A-49B6-8B08-464068E787E9}.Release|x64.Build.0 = Release|Any CPU
		{ACD9BB71-204A-49B6-8B08-464068E787E9}.Release|x86.ActiveCfg = Release|Any CPU
		{ACD9BB71-204A-49B6-8B08-464068E787E9}.Release|x86.Build.0 = Release|Any CPU
		{16005150-80EC-4124-BDAA-7CA47CD86217}.Debug|Any CPU.ActiveCfg = Debug|Any CPU
		{16005150-80EC-4124-BDAA-7CA47CD86217}.Debug|Any CPU.Build.0 = Debug|Any CPU
		{16005150-80EC-4124-BDAA-7CA47CD86217}.Debug|ARM.ActiveCfg = Debug|Any CPU
		{16005150-80EC-4124-BDAA-7CA47CD86217}.Debug|ARM.Build.0 = Debug|Any CPU
		{16005150-80EC-4124-BDAA-7CA47CD86217}.Debug|ARM64.ActiveCfg = Debug|Any CPU
		{16005150-80EC-4124-BDAA-7CA47CD86217}.Debug|ARM64.Build.0 = Debug|Any CPU
		{16005150-80EC-4124-BDAA-7CA47CD86217}.Debug|x64.ActiveCfg = Debug|Any CPU
		{16005150-80EC-4124-BDAA-7CA47CD86217}.Debug|x64.Build.0 = Debug|Any CPU
		{16005150-80EC-4124-BDAA-7CA47CD86217}.Debug|x86.ActiveCfg = Debug|Any CPU
		{16005150-80EC-4124-BDAA-7CA47CD86217}.Debug|x86.Build.0 = Debug|Any CPU
		{16005150-80EC-4124-BDAA-7CA47CD86217}.Release|Any CPU.ActiveCfg = Release|Any CPU
		{16005150-80EC-4124-BDAA-7CA47CD86217}.Release|Any CPU.Build.0 = Release|Any CPU
		{16005150-80EC-4124-BDAA-7CA47CD86217}.Release|ARM.ActiveCfg = Release|Any CPU
		{16005150-80EC-4124-BDAA-7CA47CD86217}.Release|ARM.Build.0 = Release|Any CPU
		{16005150-80EC-4124-BDAA-7CA47CD86217}.Release|ARM64.ActiveCfg = Release|Any CPU
		{16005150-80EC-4124-BDAA-7CA47CD86217}.Release|ARM64.Build.0 = Release|Any CPU
		{16005150-80EC-4124-BDAA-7CA47CD86217}.Release|x64.ActiveCfg = Release|Any CPU
		{16005150-80EC-4124-BDAA-7CA47CD86217}.Release|x64.Build.0 = Release|Any CPU
		{16005150-80EC-4124-BDAA-7CA47CD86217}.Release|x86.ActiveCfg = Release|Any CPU
		{16005150-80EC-4124-BDAA-7CA47CD86217}.Release|x86.Build.0 = Release|Any CPU
		{D6A2EB58-ECA7-46A0-B353-82CA15545DCF}.Debug|Any CPU.ActiveCfg = Debug|Any CPU
		{D6A2EB58-ECA7-46A0-B353-82CA15545DCF}.Debug|Any CPU.Build.0 = Debug|Any CPU
		{D6A2EB58-ECA7-46A0-B353-82CA15545DCF}.Debug|ARM.ActiveCfg = Debug|Any CPU
		{D6A2EB58-ECA7-46A0-B353-82CA15545DCF}.Debug|ARM.Build.0 = Debug|Any CPU
		{D6A2EB58-ECA7-46A0-B353-82CA15545DCF}.Debug|ARM64.ActiveCfg = Debug|Any CPU
		{D6A2EB58-ECA7-46A0-B353-82CA15545DCF}.Debug|ARM64.Build.0 = Debug|Any CPU
		{D6A2EB58-ECA7-46A0-B353-82CA15545DCF}.Debug|x64.ActiveCfg = Debug|Any CPU
		{D6A2EB58-ECA7-46A0-B353-82CA15545DCF}.Debug|x64.Build.0 = Debug|Any CPU
		{D6A2EB58-ECA7-46A0-B353-82CA15545DCF}.Debug|x86.ActiveCfg = Debug|Any CPU
		{D6A2EB58-ECA7-46A0-B353-82CA15545DCF}.Debug|x86.Build.0 = Debug|Any CPU
		{D6A2EB58-ECA7-46A0-B353-82CA15545DCF}.Release|Any CPU.ActiveCfg = Release|Any CPU
		{D6A2EB58-ECA7-46A0-B353-82CA15545DCF}.Release|Any CPU.Build.0 = Release|Any CPU
		{D6A2EB58-ECA7-46A0-B353-82CA15545DCF}.Release|ARM.ActiveCfg = Release|Any CPU
		{D6A2EB58-ECA7-46A0-B353-82CA15545DCF}.Release|ARM.Build.0 = Release|Any CPU
		{D6A2EB58-ECA7-46A0-B353-82CA15545DCF}.Release|ARM64.ActiveCfg = Release|Any CPU
		{D6A2EB58-ECA7-46A0-B353-82CA15545DCF}.Release|ARM64.Build.0 = Release|Any CPU
		{D6A2EB58-ECA7-46A0-B353-82CA15545DCF}.Release|x64.ActiveCfg = Release|Any CPU
		{D6A2EB58-ECA7-46A0-B353-82CA15545DCF}.Release|x64.Build.0 = Release|Any CPU
		{D6A2EB58-ECA7-46A0-B353-82CA15545DCF}.Release|x86.ActiveCfg = Release|Any CPU
		{D6A2EB58-ECA7-46A0-B353-82CA15545DCF}.Release|x86.Build.0 = Release|Any CPU
		{A8B1A691-4F00-47B0-BBD3-94218B3D897F}.Debug|Any CPU.ActiveCfg = Debug|Any CPU
		{A8B1A691-4F00-47B0-BBD3-94218B3D897F}.Debug|Any CPU.Build.0 = Debug|Any CPU
		{A8B1A691-4F00-47B0-BBD3-94218B3D897F}.Debug|ARM.ActiveCfg = Debug|Any CPU
		{A8B1A691-4F00-47B0-BBD3-94218B3D897F}.Debug|ARM.Build.0 = Debug|Any CPU
		{A8B1A691-4F00-47B0-BBD3-94218B3D897F}.Debug|ARM64.ActiveCfg = Debug|Any CPU
		{A8B1A691-4F00-47B0-BBD3-94218B3D897F}.Debug|ARM64.Build.0 = Debug|Any CPU
		{A8B1A691-4F00-47B0-BBD3-94218B3D897F}.Debug|x64.ActiveCfg = Debug|Any CPU
		{A8B1A691-4F00-47B0-BBD3-94218B3D897F}.Debug|x64.Build.0 = Debug|Any CPU
		{A8B1A691-4F00-47B0-BBD3-94218B3D897F}.Debug|x86.ActiveCfg = Debug|Any CPU
		{A8B1A691-4F00-47B0-BBD3-94218B3D897F}.Debug|x86.Build.0 = Debug|Any CPU
		{A8B1A691-4F00-47B0-BBD3-94218B3D897F}.Release|Any CPU.ActiveCfg = Release|Any CPU
		{A8B1A691-4F00-47B0-BBD3-94218B3D897F}.Release|Any CPU.Build.0 = Release|Any CPU
		{A8B1A691-4F00-47B0-BBD3-94218B3D897F}.Release|ARM.ActiveCfg = Release|Any CPU
		{A8B1A691-4F00-47B0-BBD3-94218B3D897F}.Release|ARM.Build.0 = Release|Any CPU
		{A8B1A691-4F00-47B0-BBD3-94218B3D897F}.Release|ARM64.ActiveCfg = Release|Any CPU
		{A8B1A691-4F00-47B0-BBD3-94218B3D897F}.Release|ARM64.Build.0 = Release|Any CPU
		{A8B1A691-4F00-47B0-BBD3-94218B3D897F}.Release|x64.ActiveCfg = Release|Any CPU
		{A8B1A691-4F00-47B0-BBD3-94218B3D897F}.Release|x64.Build.0 = Release|Any CPU
		{A8B1A691-4F00-47B0-BBD3-94218B3D897F}.Release|x86.ActiveCfg = Release|Any CPU
		{A8B1A691-4F00-47B0-BBD3-94218B3D897F}.Release|x86.Build.0 = Release|Any CPU
		{CBB92D7E-2558-4CFC-A7D3-AF8407979B52}.Debug|Any CPU.ActiveCfg = Debug|Any CPU
		{CBB92D7E-2558-4CFC-A7D3-AF8407979B52}.Debug|Any CPU.Build.0 = Debug|Any CPU
		{CBB92D7E-2558-4CFC-A7D3-AF8407979B52}.Debug|Any CPU.Deploy.0 = Debug|Any CPU
		{CBB92D7E-2558-4CFC-A7D3-AF8407979B52}.Debug|ARM.ActiveCfg = Debug|ARM
		{CBB92D7E-2558-4CFC-A7D3-AF8407979B52}.Debug|ARM.Build.0 = Debug|ARM
		{CBB92D7E-2558-4CFC-A7D3-AF8407979B52}.Debug|ARM.Deploy.0 = Debug|ARM
		{CBB92D7E-2558-4CFC-A7D3-AF8407979B52}.Debug|ARM64.ActiveCfg = Debug|ARM64
		{CBB92D7E-2558-4CFC-A7D3-AF8407979B52}.Debug|ARM64.Build.0 = Debug|ARM64
		{CBB92D7E-2558-4CFC-A7D3-AF8407979B52}.Debug|ARM64.Deploy.0 = Debug|ARM64
		{CBB92D7E-2558-4CFC-A7D3-AF8407979B52}.Debug|x64.ActiveCfg = Debug|x64
		{CBB92D7E-2558-4CFC-A7D3-AF8407979B52}.Debug|x64.Build.0 = Debug|x64
		{CBB92D7E-2558-4CFC-A7D3-AF8407979B52}.Debug|x64.Deploy.0 = Debug|x64
		{CBB92D7E-2558-4CFC-A7D3-AF8407979B52}.Debug|x86.ActiveCfg = Debug|x86
		{CBB92D7E-2558-4CFC-A7D3-AF8407979B52}.Debug|x86.Build.0 = Debug|x86
		{CBB92D7E-2558-4CFC-A7D3-AF8407979B52}.Debug|x86.Deploy.0 = Debug|x86
		{CBB92D7E-2558-4CFC-A7D3-AF8407979B52}.Release|Any CPU.ActiveCfg = Release|Any CPU
		{CBB92D7E-2558-4CFC-A7D3-AF8407979B52}.Release|Any CPU.Build.0 = Release|Any CPU
		{CBB92D7E-2558-4CFC-A7D3-AF8407979B52}.Release|Any CPU.Deploy.0 = Release|Any CPU
		{CBB92D7E-2558-4CFC-A7D3-AF8407979B52}.Release|ARM.ActiveCfg = Release|ARM
		{CBB92D7E-2558-4CFC-A7D3-AF8407979B52}.Release|ARM.Build.0 = Release|ARM
		{CBB92D7E-2558-4CFC-A7D3-AF8407979B52}.Release|ARM.Deploy.0 = Release|ARM
		{CBB92D7E-2558-4CFC-A7D3-AF8407979B52}.Release|ARM64.ActiveCfg = Release|ARM64
		{CBB92D7E-2558-4CFC-A7D3-AF8407979B52}.Release|ARM64.Build.0 = Release|ARM64
		{CBB92D7E-2558-4CFC-A7D3-AF8407979B52}.Release|ARM64.Deploy.0 = Release|ARM64
		{CBB92D7E-2558-4CFC-A7D3-AF8407979B52}.Release|x64.ActiveCfg = Release|x64
		{CBB92D7E-2558-4CFC-A7D3-AF8407979B52}.Release|x64.Build.0 = Release|x64
		{CBB92D7E-2558-4CFC-A7D3-AF8407979B52}.Release|x64.Deploy.0 = Release|x64
		{CBB92D7E-2558-4CFC-A7D3-AF8407979B52}.Release|x86.ActiveCfg = Release|x86
		{CBB92D7E-2558-4CFC-A7D3-AF8407979B52}.Release|x86.Build.0 = Release|x86
		{CBB92D7E-2558-4CFC-A7D3-AF8407979B52}.Release|x86.Deploy.0 = Release|x86
	EndGlobalSection
	GlobalSection(SolutionProperties) = preSolution
		HideSolutionNode = FALSE
	EndGlobalSection
	GlobalSection(ExtensibilityGlobals) = postSolution
		SolutionGuid = {39291FA1-EB28-474C-8228-E009F405406E}
	EndGlobalSection
EndGlobal
